
Microsoft Visual Studio Solution File, Format Version 12.00
# Visual Studio Version 17
VisualStudioVersion = 17.14.36930.0 d17.14
MinimumVisualStudioVersion = 10.0.40219.1
Project("{FAE04EC0-301F-11D3-BF4B-00C04F79EFBC}") = "DSA_Lab4", "DSA_Lab4\DSA_Lab4.csproj", "{9FDAC3F2-4EE9-4B65-B91A-A8395639A960}"
EndProject
Global
	GlobalSection(SolutionConfigurationPlatforms) = preSolution
		Debug|Any CPU = Debug|Any CPU
		Release|Any CPU = Release|Any CPU
	EndGlobalSection
	GlobalSection(ProjectConfigurationPlatforms) = postSolution
		{9FDAC3F2-4EE9-4B65-B91A-A8395639A960}.Debug|Any CPU.ActiveCfg = Debug|Any CPU
		{9FDAC3F2-4EE9-4B65-B91A-A8395639A960}.Debug|Any CPU.Build.0 = Debug|Any CPU
		{9FDAC3F2-4EE9-4B65-B91A-A8395639A960}.Release|Any CPU.ActiveCfg = Release|Any CPU
		{9FDAC3F2-4EE9-4B65-B91A-A8395639A960}.Release|Any CPU.Build.0 = Release|Any CPU
	EndGlobalSection
	GlobalSection(SolutionProperties) = preSolution
		HideSolutionNode = FALSE
	EndGlobalSection
	GlobalSection(ExtensibilityGlobals) = postSolution
		SolutionGuid = {B3273D3E-ADA5-4166-9DB6-C06827B88E83}
	EndGlobalSection
EndGlobal
