
Microsoft Visual Studio Solution File, Format Version 12.00
# Visual Studio Version 17
VisualStudioVersion = 17.14.36930.0 d17.14
MinimumVisualStudioVersion = 10.0.40219.1
Project("{FAE04EC0-301F-11D3-BF4B-00C04F79EFBC}") = "DSA_Lab4Benchmark", "DSA_Lab4Benchmark\DSA_Lab4Benchmark.csproj", "{B94FCD04-11A3-471D-8997-E779F5C7DB5D}"
EndProject
Global
	GlobalSection(SolutionConfigurationPlatforms) = preSolution
		Debug|Any CPU = Debug|Any CPU
		Release|Any CPU = Release|Any CPU
	EndGlobalSection
	GlobalSection(ProjectConfigurationPlatforms) = postSolution
		{B94FCD04-11A3-471D-8997-E779F5C7DB5D}.Debug|Any CPU.ActiveCfg = Debug|Any CPU
		{B94FCD04-11A3-471D-8997-E779F5C7DB5D}.Debug|Any CPU.Build.0 = Debug|Any CPU
		{B94FCD04-11A3-471D-8997-E779F5C7DB5D}.Release|Any CPU.ActiveCfg = Release|Any CPU
		{B94FCD04-11A3-471D-8997-E779F5C7DB5D}.Release|Any CPU.Build.0 = Release|Any CPU
	EndGlobalSection
	GlobalSection(SolutionProperties) = preSolution
		HideSolutionNode = FALSE
	EndGlobalSection
	GlobalSection(ExtensibilityGlobals) = postSolution
		SolutionGuid = {C76454D3-D8D3-4A0E-BDDC-5AC1E135D42C}
	EndGlobalSection
EndGlobal
